
Microsoft Visual Studio Solution File, Format Version 12.00
# Visual Studio Version 17
VisualStudioVersion = 17.8.34511.84
MinimumVisualStudioVersion = 10.0.40219.1
Project("{2150E333-8FDC-42A3-9474-1A3956D46DE8}") = "ApiGateway", "ApiGateway", "{340CD1A0-6C78-47D2-9E63-28F508E7B9E2}"
EndProject
Project("{2150E333-8FDC-42A3-9474-1A3956D46DE8}") = "Services", "Services", "{0D3E3C72-4125-45D0-AA61-647A2417A020}"
EndProject
Project("{2150E333-8FDC-42A3-9474-1A3956D46DE8}") = "Shared", "Shared", "{A963962F-E899-4E82-961E-1E5B21985E83}"
EndProject
Project("{2150E333-8FDC-42A3-9474-1A3956D46DE8}") = "src", "src", "{C06EF329-CD52-4B3D-8D4F-1858A3A11457}"
EndProject
Project("{2150E333-8FDC-42A3-9474-1A3956D46DE8}") = "src", "src", "{B49CB988-0AF4-4AA7-9C1D-9C8E9CCEBFE0}"
EndProject
Project("{2150E333-8FDC-42A3-9474-1A3956D46DE8}") = "StockLink.Auth", "StockLink.Auth", "{15DCCE07-EE3F-4BC7-BA36-DFD0DA5D67C5}"
EndProject
Project("{2150E333-8FDC-42A3-9474-1A3956D46DE8}") = "StockLink.Compra", "StockLink.Compra", "{D6F52303-E68A-47F6-8F2C-6514EB61AA8C}"
EndProject
Project("{2150E333-8FDC-42A3-9474-1A3956D46DE8}") = "StockLink.Cotizacion", "StockLink.Cotizacion", "{90E3368A-637B-4C32-81D3-F422ED0C8DAB}"
EndProject
Project("{2150E333-8FDC-42A3-9474-1A3956D46DE8}") = "StockLink.Hubs", "StockLink.Hubs", "{C6ED3912-F775-4A84-A064-2D025C742A17}"
EndProject
Project("{2150E333-8FDC-42A3-9474-1A3956D46DE8}") = "StockLink.Mail", "StockLink.Mail", "{9A205461-4C1C-486B-95A2-C63CAA745501}"
EndProject
Project("{2150E333-8FDC-42A3-9474-1A3956D46DE8}") = "StockLink.Reports", "StockLink.Reports", "{EB8052C2-ADE4-4088-9790-49A9392145B3}"
EndProject
Project("{2150E333-8FDC-42A3-9474-1A3956D46DE8}") = "StockLink.Softland", "StockLink.Softland", "{B2050C1B-380B-4EB2-B24C-6858C789B4F3}"
EndProject
Project("{2150E333-8FDC-42A3-9474-1A3956D46DE8}") = "src", "src", "{A2EB333F-29B2-4F18-9B4B-6E6C9DD3FDA5}"
EndProject
Project("{9A19103F-16F7-4668-BE54-9A1E7A4F7556}") = "StockLink.Auth.Domain", "StockLink.Auth.Domain\StockLink.Auth.Domain.csproj", "{44E71751-C9CC-493C-B8DF-A29F762B0A2B}"
EndProject
Project("{9A19103F-16F7-4668-BE54-9A1E7A4F7556}") = "StockLink.Auth.Infrastructure", "StockLink.Auth.Infrastructure\StockLink.Auth.Infrastructure.csproj", "{D5807952-3454-4870-A87C-BA25B3D1BF23}"
EndProject
Project("{9A19103F-16F7-4668-BE54-9A1E7A4F7556}") = "StockLink.Auth.Utilities", "StockLink.Auth.Utilities\StockLink.Auth.Utilities.csproj", "{2DDB53C0-5E3D-4024-9BA8-143986B2FEFB}"
EndProject
Project("{9A19103F-16F7-4668-BE54-9A1E7A4F7556}") = "StockLink.Auth.Application", "StockLink.Auth.Application\StockLink.Auth.Application.csproj", "{FFCA1A1A-D4CD-494E-B4D1-8961E7AD02EA}"
EndProject
Project("{9A19103F-16F7-4668-BE54-9A1E7A4F7556}") = "StockLink.Shared.JWT", "StockLink.Shared.JWT\StockLink.Shared.JWT.csproj", "{9FB8FD5D-F1EA-4174-9584-9ECCB5263B2B}"
EndProject
Project("{9A19103F-16F7-4668-BE54-9A1E7A4F7556}") = "StockLink.Auth.Api", "StockLink.Auth.Api\StockLink.Auth.Api.csproj", "{35C238D0-A3E5-414E-8A20-0890AF7145CC}"
EndProject
Project("{2150E333-8FDC-42A3-9474-1A3956D46DE8}") = "src", "src", "{F59DC2F1-50AB-42CF-ADA8-86FF3C86100A}"
EndProject
Project("{2150E333-8FDC-42A3-9474-1A3956D46DE8}") = "Application", "Application", "{0394655A-000B-4582-857E-A098A1E0FCD8}"
EndProject
Project("{2150E333-8FDC-42A3-9474-1A3956D46DE8}") = "Domain", "Domain", "{5F5D48CF-4EC2-4F31-A57E-8A5DCFFE264C}"
EndProject
Project("{2150E333-8FDC-42A3-9474-1A3956D46DE8}") = "Infrastructure", "Infrastructure", "{281CF841-723B-4EA7-B8F9-A1715D5F1728}"
EndProject
Project("{2150E333-8FDC-42A3-9474-1A3956D46DE8}") = "Services", "Services", "{B8D8D93D-4937-40B9-9E4A-7F5607619706}"
EndProject
Project("{2150E333-8FDC-42A3-9474-1A3956D46DE8}") = "Utilities", "Utilities", "{7E5FB39A-8C71-4DE4-AC4C-5966C9DD599A}"
EndProject
Project("{E53339B2-1760-4266-BCC7-CA923CBCF16C}") = "docker-compose", "docker-compose.dcproj", "{86FAE85C-1195-487B-A358-9FD7A9F1C876}"
EndProject
Project("{9A19103F-16F7-4668-BE54-9A1E7A4F7556}") = "StockLink.Softland.Utilities", "StockLink.Softland.Utilities\StockLink.Softland.Utilities.csproj", "{C275965A-2605-4B4C-9DD5-50931E708A6C}"
EndProject
Project("{9A19103F-16F7-4668-BE54-9A1E7A4F7556}") = "StockLink.Softland.Persistence", "StockLink.Softland.Persistence\StockLink.Softland.Persistence.csproj", "{F88A46AF-CCBA-47DA-875F-AFC2705BEDD8}"
EndProject
Project("{9A19103F-16F7-4668-BE54-9A1E7A4F7556}") = "StockLink.Softland.Domain", "StockLink.Softland.Domain\StockLink.Softland.Domain.csproj", "{0DC037F5-ADF2-4207-8CDE-D22D842693C7}"
EndProject
Project("{9A19103F-16F7-4668-BE54-9A1E7A4F7556}") = "StockLink.Softland.Application.Dto", "StockLink.Softland.Application.Dto\StockLink.Softland.Application.Dto.csproj", "{4857852E-0096-4FE2-92B7-832F4250A0F9}"
EndProject
Project("{9A19103F-16F7-4668-BE54-9A1E7A4F7556}") = "StockLink.Softland.Application.Interface", "StockLink.Softland.Application.Interface\StockLink.Softland.Application.Interface.csproj", "{88710E13-1E48-4C00-95E4-B16362161533}"
EndProject
Project("{9A19103F-16F7-4668-BE54-9A1E7A4F7556}") = "StockLink.Softland.Application.UseCase", "StockLink.Softland.Application.UseCase\StockLink.Softland.Application.UseCase.csproj", "{83E78A18-3184-4BC1-8157-B94A7D1B16A8}"
EndProject
Project("{9A19103F-16F7-4668-BE54-9A1E7A4F7556}") = "StockLink.Softland.Api", "StockLink.Softland.Api\StockLink.Softland.Api.csproj", "{972E5E08-8BF5-461A-B551-CC62AE1E16E5}"
EndProject
Project("{2150E333-8FDC-42A3-9474-1A3956D46DE8}") = "src", "src", "{8E1C0CEE-9757-4235-BEDA-694F97C13B12}"
EndProject
Project("{2150E333-8FDC-42A3-9474-1A3956D46DE8}") = "Application", "Application", "{8D1A56EB-F1DE-4346-98FF-FE216DF10970}"
EndProject
Project("{2150E333-8FDC-42A3-9474-1A3956D46DE8}") = "Domain", "Domain", "{1DA3900C-2904-43B7-8D66-587A578E81DB}"
EndProject
Project("{2150E333-8FDC-42A3-9474-1A3956D46DE8}") = "Infrastructure", "Infrastructure", "{327CA537-2C00-4852-BE07-C2BC3FBD7422}"
EndProject
Project("{2150E333-8FDC-42A3-9474-1A3956D46DE8}") = "Services", "Services", "{1B12E229-4E4B-4A56-971C-1E58D4B8757C}"
EndProject
Project("{2150E333-8FDC-42A3-9474-1A3956D46DE8}") = "Utilities", "Utilities", "{FC81EA63-B82C-494B-852C-50F7BE602769}"
EndProject
Project("{9A19103F-16F7-4668-BE54-9A1E7A4F7556}") = "StockLink.Compra.Utilities", "StockLink.Compra.Utilities\StockLink.Compra.Utilities.csproj", "{AA6801F9-9442-48C6-8DAB-EA28543D22FE}"
EndProject
Project("{9A19103F-16F7-4668-BE54-9A1E7A4F7556}") = "StockLink.Compra.Domain", "StockLink.Compra.Domain\StockLink.Compra.Domain.csproj", "{16E17CFC-BE37-42D3-AF5A-D343EDFEEEF4}"
EndProject
Project("{9A19103F-16F7-4668-BE54-9A1E7A4F7556}") = "StockLink.Compra.Application.Dtos", "StockLink.Compra.Application.Dtos\StockLink.Compra.Application.Dtos.csproj", "{4AD71315-9EBD-41CA-9477-B6510584FF20}"
EndProject
Project("{9A19103F-16F7-4668-BE54-9A1E7A4F7556}") = "StockLink.Compra.Application.Interface", "StockLink.Compra.Application.Interface\StockLink.Compra.Application.Interface.csproj", "{7D300B41-6057-4347-983E-9568F647AF54}"
EndProject
Project("{9A19103F-16F7-4668-BE54-9A1E7A4F7556}") = "StockLink.Compra.Persistence", "StockLink.Compra.Persistence\StockLink.Compra.Persistence.csproj", "{FE463B2D-02F0-41AA-8E98-F0B4AD97FE07}"
EndProject
Project("{9A19103F-16F7-4668-BE54-9A1E7A4F7556}") = "StockLink.Compra.Application.UseCase", "StockLink.Compra.Application.UseCase\StockLink.Compra.Application.UseCase.csproj", "{316DE969-DE11-47C2-BDAD-C4168E1E66AE}"
EndProject
Project("{9A19103F-16F7-4668-BE54-9A1E7A4F7556}") = "StockLink.Compra.Api", "StockLink.Compra.Api\StockLink.Compra.Api.csproj", "{F1AF318D-587E-469D-8293-EA0004DEC3A5}"
EndProject
Project("{9A19103F-16F7-4668-BE54-9A1E7A4F7556}") = "StockLink.Shared.Entities", "StockLink.Shared.Entities\StockLink.Shared.Entities.csproj", "{4F98EA2F-E0A4-4FA9-B0A3-19921D736661}"
EndProject
Project("{2150E333-8FDC-42A3-9474-1A3956D46DE8}") = "src", "src", "{5A6C1D38-FAEA-40E5-B199-4FD229E9F344}"
EndProject
Project("{9A19103F-16F7-4668-BE54-9A1E7A4F7556}") = "StockLink.Mail.Application", "StockLink.Mail.Application\StockLink.Mail.Application.csproj", "{86DA13B0-414E-49F4-8589-313CD4646742}"
EndProject
Project("{9A19103F-16F7-4668-BE54-9A1E7A4F7556}") = "StockLink.Mail.Api", "StockLink.Mail.Api\StockLink.Mail.Api.csproj", "{9E30D828-7B01-4B69-B849-A4AEC1184D1B}"
EndProject
Project("{9A19103F-16F7-4668-BE54-9A1E7A4F7556}") = "StockLink.Hubs.Api", "StockLink.Hubs.Api\StockLink.Hubs.Api.csproj", "{6A0C5DE1-F60B-4B7B-AA26-DB5A64E26143}"
EndProject
Project("{2150E333-8FDC-42A3-9474-1A3956D46DE8}") = "src", "src", "{A4CA4970-5419-40A8-A512-C0CCA8F727BD}"
EndProject
Project("{9A19103F-16F7-4668-BE54-9A1E7A4F7556}") = "StockLink.Cotizacion.Domain", "StockLink.Cotizacion.Domain\StockLink.Cotizacion.Domain.csproj", "{F394705B-EB48-439F-A80F-5E8467D96B0B}"
EndProject
Project("{9A19103F-16F7-4668-BE54-9A1E7A4F7556}") = "StockLink.Cotizacion.Infrastructure", "StockLink.Cotizacion.Infrastructure\StockLink.Cotizacion.Infrastructure.csproj", "{810519BA-63D9-4094-8774-30B7237D2007}"
EndProject
Project("{9A19103F-16F7-4668-BE54-9A1E7A4F7556}") = "StockLink.Cotizacion.Utilities", "StockLink.Cotizacion.Utilities\StockLink.Cotizacion.Utilities.csproj", "{BDE42FE8-1096-4FEC-B122-A2F9F9C81E29}"
EndProject
Project("{9A19103F-16F7-4668-BE54-9A1E7A4F7556}") = "StockLink.Cotizacion.Application", "StockLink.Cotizacion.Application\StockLink.Cotizacion.Application.csproj", "{BEAEB73B-A7AE-4FD6-B1F8-A858EED13CA2}"
EndProject
Project("{9A19103F-16F7-4668-BE54-9A1E7A4F7556}") = "StockLink.Cotizacion.Api", "StockLink.Cotizacion.Api\StockLink.Cotizacion.Api.csproj", "{A96641C5-9D1D-4A05-864B-11E79557A941}"
EndProject
Project("{2150E333-8FDC-42A3-9474-1A3956D46DE8}") = "src", "src", "{C8F80AF3-DAB2-4F33-9DC4-7AEBC91084EB}"
EndProject
Project("{9A19103F-16F7-4668-BE54-9A1E7A4F7556}") = "StockLink.Reports.Utilities", "StockLink.Reports.Utilities\StockLink.Reports.Utilities.csproj", "{ABB78B70-1C84-4A31-ACA9-3E2BDC73FA4E}"
EndProject
Project("{9A19103F-16F7-4668-BE54-9A1E7A4F7556}") = "StockLink.Reports.Infrastructure", "StockLink.Reports.Infrastructure\StockLink.Reports.Infrastructure.csproj", "{C272F112-33E9-49DE-905A-9C3B12E68F5C}"
EndProject
Project("{9A19103F-16F7-4668-BE54-9A1E7A4F7556}") = "StockLink.Reports.Application", "StockLink.Reports.Application\StockLink.Reports.Application.csproj", "{1156784B-4535-4597-8A45-F264363F7235}"
EndProject
Project("{9A19103F-16F7-4668-BE54-9A1E7A4F7556}") = "StockLink.Reports.Api", "StockLink.Reports.Api\StockLink.Reports.Api.csproj", "{2B515749-4043-4855-91DD-C7F39EFC9F25}"
EndProject
Project("{FAE04EC0-301F-11D3-BF4B-00C04F79EFBC}") = "StockLink.Gateway.Api", "StockLink.Gateway.Api\StockLink.Gateway.Api.csproj", "{B203AC4E-75F4-499E-B68A-A3CF64E8C2F0}"
EndProject
Global
	GlobalSection(SolutionConfigurationPlatforms) = preSolution
		Debug|Any CPU = Debug|Any CPU
		Release|Any CPU = Release|Any CPU
	EndGlobalSection
	GlobalSection(ProjectConfigurationPlatforms) = postSolution
		{44E71751-C9CC-493C-B8DF-A29F762B0A2B}.Debug|Any CPU.ActiveCfg = Debug|Any CPU
		{44E71751-C9CC-493C-B8DF-A29F762B0A2B}.Debug|Any CPU.Build.0 = Debug|Any CPU
		{44E71751-C9CC-493C-B8DF-A29F762B0A2B}.Release|Any CPU.ActiveCfg = Release|Any CPU
		{44E71751-C9CC-493C-B8DF-A29F762B0A2B}.Release|Any CPU.Build.0 = Release|Any CPU
		{D5807952-3454-4870-A87C-BA25B3D1BF23}.Debug|Any CPU.ActiveCfg = Debug|Any CPU
		{D5807952-3454-4870-A87C-BA25B3D1BF23}.Debug|Any CPU.Build.0 = Debug|Any CPU
		{D5807952-3454-4870-A87C-BA25B3D1BF23}.Release|Any CPU.ActiveCfg = Release|Any CPU
		{D5807952-3454-4870-A87C-BA25B3D1BF23}.Release|Any CPU.Build.0 = Release|Any CPU
		{2DDB53C0-5E3D-4024-9BA8-143986B2FEFB}.Debug|Any CPU.ActiveCfg = Debug|Any CPU
		{2DDB53C0-5E3D-4024-9BA8-143986B2FEFB}.Debug|Any CPU.Build.0 = Debug|Any CPU
		{2DDB53C0-5E3D-4024-9BA8-143986B2FEFB}.Release|Any CPU.ActiveCfg = Release|Any CPU
		{2DDB53C0-5E3D-4024-9BA8-143986B2FEFB}.Release|Any CPU.Build.0 = Release|Any CPU
		{FFCA1A1A-D4CD-494E-B4D1-8961E7AD02EA}.Debug|Any CPU.ActiveCfg = Debug|Any CPU
		{FFCA1A1A-D4CD-494E-B4D1-8961E7AD02EA}.Debug|Any CPU.Build.0 = Debug|Any CPU
		{FFCA1A1A-D4CD-494E-B4D1-8961E7AD02EA}.Release|Any CPU.ActiveCfg = Release|Any CPU
		{FFCA1A1A-D4CD-494E-B4D1-8961E7AD02EA}.Release|Any CPU.Build.0 = Release|Any CPU
		{9FB8FD5D-F1EA-4174-9584-9ECCB5263B2B}.Debug|Any CPU.ActiveCfg = Debug|Any CPU
		{9FB8FD5D-F1EA-4174-9584-9ECCB5263B2B}.Debug|Any CPU.Build.0 = Debug|Any CPU
		{9FB8FD5D-F1EA-4174-9584-9ECCB5263B2B}.Release|Any CPU.ActiveCfg = Release|Any CPU
		{9FB8FD5D-F1EA-4174-9584-9ECCB5263B2B}.Release|Any CPU.Build.0 = Release|Any CPU
		{35C238D0-A3E5-414E-8A20-0890AF7145CC}.Debug|Any CPU.ActiveCfg = Debug|Any CPU
		{35C238D0-A3E5-414E-8A20-0890AF7145CC}.Debug|Any CPU.Build.0 = Debug|Any CPU
		{35C238D0-A3E5-414E-8A20-0890AF7145CC}.Release|Any CPU.ActiveCfg = Release|Any CPU
		{35C238D0-A3E5-414E-8A20-0890AF7145CC}.Release|Any CPU.Build.0 = Release|Any CPU
		{86FAE85C-1195-487B-A358-9FD7A9F1C876}.Debug|Any CPU.ActiveCfg = Debug|Any CPU
		{86FAE85C-1195-487B-A358-9FD7A9F1C876}.Debug|Any CPU.Build.0 = Debug|Any CPU
		{86FAE85C-1195-487B-A358-9FD7A9F1C876}.Release|Any CPU.ActiveCfg = Release|Any CPU
		{86FAE85C-1195-487B-A358-9FD7A9F1C876}.Release|Any CPU.Build.0 = Release|Any CPU
		{C275965A-2605-4B4C-9DD5-50931E708A6C}.Debug|Any CPU.ActiveCfg = Debug|Any CPU
		{C275965A-2605-4B4C-9DD5-50931E708A6C}.Debug|Any CPU.Build.0 = Debug|Any CPU
		{C275965A-2605-4B4C-9DD5-50931E708A6C}.Release|Any CPU.ActiveCfg = Release|Any CPU
		{C275965A-2605-4B4C-9DD5-50931E708A6C}.Release|Any CPU.Build.0 = Release|Any CPU
		{F88A46AF-CCBA-47DA-875F-AFC2705BEDD8}.Debug|Any CPU.ActiveCfg = Debug|Any CPU
		{F88A46AF-CCBA-47DA-875F-AFC2705BEDD8}.Debug|Any CPU.Build.0 = Debug|Any CPU
		{F88A46AF-CCBA-47DA-875F-AFC2705BEDD8}.Release|Any CPU.ActiveCfg = Release|Any CPU
		{F88A46AF-CCBA-47DA-875F-AFC2705BEDD8}.Release|Any CPU.Build.0 = Release|Any CPU
		{0DC037F5-ADF2-4207-8CDE-D22D842693C7}.Debug|Any CPU.ActiveCfg = Debug|Any CPU
		{0DC037F5-ADF2-4207-8CDE-D22D842693C7}.Debug|Any CPU.Build.0 = Debug|Any CPU
		{0DC037F5-ADF2-4207-8CDE-D22D842693C7}.Release|Any CPU.ActiveCfg = Release|Any CPU
		{0DC037F5-ADF2-4207-8CDE-D22D842693C7}.Release|Any CPU.Build.0 = Release|Any CPU
		{4857852E-0096-4FE2-92B7-832F4250A0F9}.Debug|Any CPU.ActiveCfg = Debug|Any CPU
		{4857852E-0096-4FE2-92B7-832F4250A0F9}.Debug|Any CPU.Build.0 = Debug|Any CPU
		{4857852E-0096-4FE2-92B7-832F4250A0F9}.Release|Any CPU.ActiveCfg = Release|Any CPU
		{4857852E-0096-4FE2-92B7-832F4250A0F9}.Release|Any CPU.Build.0 = Release|Any CPU
		{88710E13-1E48-4C00-95E4-B16362161533}.Debug|Any CPU.ActiveCfg = Debug|Any CPU
		{88710E13-1E48-4C00-95E4-B16362161533}.Debug|Any CPU.Build.0 = Debug|Any CPU
		{88710E13-1E48-4C00-95E4-B16362161533}.Release|Any CPU.ActiveCfg = Release|Any CPU
		{88710E13-1E48-4C00-95E4-B16362161533}.Release|Any CPU.Build.0 = Release|Any CPU
		{83E78A18-3184-4BC1-8157-B94A7D1B16A8}.Debug|Any CPU.ActiveCfg = Debug|Any CPU
		{83E78A18-3184-4BC1-8157-B94A7D1B16A8}.Debug|Any CPU.Build.0 = Debug|Any CPU
		{83E78A18-3184-4BC1-8157-B94A7D1B16A8}.Release|Any CPU.ActiveCfg = Release|Any CPU
		{83E78A18-3184-4BC1-8157-B94A7D1B16A8}.Release|Any CPU.Build.0 = Release|Any CPU
		{972E5E08-8BF5-461A-B551-CC62AE1E16E5}.Debug|Any CPU.ActiveCfg = Debug|Any CPU
		{972E5E08-8BF5-461A-B551-CC62AE1E16E5}.Debug|Any CPU.Build.0 = Debug|Any CPU
		{972E5E08-8BF5-461A-B551-CC62AE1E16E5}.Release|Any CPU.ActiveCfg = Release|Any CPU
		{972E5E08-8BF5-461A-B551-CC62AE1E16E5}.Release|Any CPU.Build.0 = Release|Any CPU
		{AA6801F9-9442-48C6-8DAB-EA28543D22FE}.Debug|Any CPU.ActiveCfg = Debug|Any CPU
		{AA6801F9-9442-48C6-8DAB-EA28543D22FE}.Debug|Any CPU.Build.0 = Debug|Any CPU
		{AA6801F9-9442-48C6-8DAB-EA28543D22FE}.Release|Any CPU.ActiveCfg = Release|Any CPU
		{AA6801F9-9442-48C6-8DAB-EA28543D22FE}.Release|Any CPU.Build.0 = Release|Any CPU
		{16E17CFC-BE37-42D3-AF5A-D343EDFEEEF4}.Debug|Any CPU.ActiveCfg = Debug|Any CPU
		{16E17CFC-BE37-42D3-AF5A-D343EDFEEEF4}.Debug|Any CPU.Build.0 = Debug|Any CPU
		{16E17CFC-BE37-42D3-AF5A-D343EDFEEEF4}.Release|Any CPU.ActiveCfg = Release|Any CPU
		{16E17CFC-BE37-42D3-AF5A-D343EDFEEEF4}.Release|Any CPU.Build.0 = Release|Any CPU
		{4AD71315-9EBD-41CA-9477-B6510584FF20}.Debug|Any CPU.ActiveCfg = Debug|Any CPU
		{4AD71315-9EBD-41CA-9477-B6510584FF20}.Debug|Any CPU.Build.0 = Debug|Any CPU
		{4AD71315-9EBD-41CA-9477-B6510584FF20}.Release|Any CPU.ActiveCfg = Release|Any CPU
		{4AD71315-9EBD-41CA-9477-B6510584FF20}.Release|Any CPU.Build.0 = Release|Any CPU
		{7D300B41-6057-4347-983E-9568F647AF54}.Debug|Any CPU.ActiveCfg = Debug|Any CPU
		{7D300B41-6057-4347-983E-9568F647AF54}.Debug|Any CPU.Build.0 = Debug|Any CPU
		{7D300B41-6057-4347-983E-9568F647AF54}.Release|Any CPU.ActiveCfg = Release|Any CPU
		{7D300B41-6057-4347-983E-9568F647AF54}.Release|Any CPU.Build.0 = Release|Any CPU
		{FE463B2D-02F0-41AA-8E98-F0B4AD97FE07}.Debug|Any CPU.ActiveCfg = Debug|Any CPU
		{FE463B2D-02F0-41AA-8E98-F0B4AD97FE07}.Debug|Any CPU.Build.0 = Debug|Any CPU
		{FE463B2D-02F0-41AA-8E98-F0B4AD97FE07}.Release|Any CPU.ActiveCfg = Release|Any CPU
		{FE463B2D-02F0-41AA-8E98-F0B4AD97FE07}.Release|Any CPU.Build.0 = Release|Any CPU
		{316DE969-DE11-47C2-BDAD-C4168E1E66AE}.Debug|Any CPU.ActiveCfg = Debug|Any CPU
		{316DE969-DE11-47C2-BDAD-C4168E1E66AE}.Debug|Any CPU.Build.0 = Debug|Any CPU
		{316DE969-DE11-47C2-BDAD-C4168E1E66AE}.Release|Any CPU.ActiveCfg = Release|Any CPU
		{316DE969-DE11-47C2-BDAD-C4168E1E66AE}.Release|Any CPU.Build.0 = Release|Any CPU
		{F1AF318D-587E-469D-8293-EA0004DEC3A5}.Debug|Any CPU.ActiveCfg = Debug|Any CPU
		{F1AF318D-587E-469D-8293-EA0004DEC3A5}.Debug|Any CPU.Build.0 = Debug|Any CPU
		{F1AF318D-587E-469D-8293-EA0004DEC3A5}.Release|Any CPU.ActiveCfg = Release|Any CPU
		{F1AF318D-587E-469D-8293-EA0004DEC3A5}.Release|Any CPU.Build.0 = Release|Any CPU
		{4F98EA2F-E0A4-4FA9-B0A3-19921D736661}.Debug|Any CPU.ActiveCfg = Debug|Any CPU
		{4F98EA2F-E0A4-4FA9-B0A3-19921D736661}.Debug|Any CPU.Build.0 = Debug|Any CPU
		{4F98EA2F-E0A4-4FA9-B0A3-19921D736661}.Release|Any CPU.ActiveCfg = Release|Any CPU
		{4F98EA2F-E0A4-4FA9-B0A3-19921D736661}.Release|Any CPU.Build.0 = Release|Any CPU
		{86DA13B0-414E-49F4-8589-313CD4646742}.Debug|Any CPU.ActiveCfg = Debug|Any CPU
		{86DA13B0-414E-49F4-8589-313CD4646742}.Debug|Any CPU.Build.0 = Debug|Any CPU
		{86DA13B0-414E-49F4-8589-313CD4646742}.Release|Any CPU.ActiveCfg = Release|Any CPU
		{86DA13B0-414E-49F4-8589-313CD4646742}.Release|Any CPU.Build.0 = Release|Any CPU
		{9E30D828-7B01-4B69-B849-A4AEC1184D1B}.Debug|Any CPU.ActiveCfg = Debug|Any CPU
		{9E30D828-7B01-4B69-B849-A4AEC1184D1B}.Debug|Any CPU.Build.0 = Debug|Any CPU
		{9E30D828-7B01-4B69-B849-A4AEC1184D1B}.Release|Any CPU.ActiveCfg = Release|Any CPU
		{9E30D828-7B01-4B69-B849-A4AEC1184D1B}.Release|Any CPU.Build.0 = Release|Any CPU
		{6A0C5DE1-F60B-4B7B-AA26-DB5A64E26143}.Debug|Any CPU.ActiveCfg = Debug|Any CPU
		{6A0C5DE1-F60B-4B7B-AA26-DB5A64E26143}.Debug|Any CPU.Build.0 = Debug|Any CPU
		{6A0C5DE1-F60B-4B7B-AA26-DB5A64E26143}.Release|Any CPU.ActiveCfg = Release|Any CPU
		{6A0C5DE1-F60B-4B7B-AA26-DB5A64E26143}.Release|Any CPU.Build.0 = Release|Any CPU
		{F394705B-EB48-439F-A80F-5E8467D96B0B}.Debug|Any CPU.ActiveCfg = Debug|Any CPU
		{F394705B-EB48-439F-A80F-5E8467D96B0B}.Debug|Any CPU.Build.0 = Debug|Any CPU
		{F394705B-EB48-439F-A80F-5E8467D96B0B}.Release|Any CPU.ActiveCfg = Release|Any CPU
		{F394705B-EB48-439F-A80F-5E8467D96B0B}.Release|Any CPU.Build.0 = Release|Any CPU
		{810519BA-63D9-4094-8774-30B7237D2007}.Debug|Any CPU.ActiveCfg = Debug|Any CPU
		{810519BA-63D9-4094-8774-30B7237D2007}.Debug|Any CPU.Build.0 = Debug|Any CPU
		{810519BA-63D9-4094-8774-30B7237D2007}.Release|Any CPU.ActiveCfg = Release|Any CPU
		{810519BA-63D9-4094-8774-30B7237D2007}.Release|Any CPU.Build.0 = Release|Any CPU
		{BDE42FE8-1096-4FEC-B122-A2F9F9C81E29}.Debug|Any CPU.ActiveCfg = Debug|Any CPU
		{BDE42FE8-1096-4FEC-B122-A2F9F9C81E29}.Debug|Any CPU.Build.0 = Debug|Any CPU
		{BDE42FE8-1096-4FEC-B122-A2F9F9C81E29}.Release|Any CPU.ActiveCfg = Release|Any CPU
		{BDE42FE8-1096-4FEC-B122-A2F9F9C81E29}.Release|Any CPU.Build.0 = Release|Any CPU
		{BEAEB73B-A7AE-4FD6-B1F8-A858EED13CA2}.Debug|Any CPU.ActiveCfg = Debug|Any CPU
		{BEAEB73B-A7AE-4FD6-B1F8-A858EED13CA2}.Debug|Any CPU.Build.0 = Debug|Any CPU
		{BEAEB73B-A7AE-4FD6-B1F8-A858EED13CA2}.Release|Any CPU.ActiveCfg = Release|Any CPU
		{BEAEB73B-A7AE-4FD6-B1F8-A858EED13CA2}.Release|Any CPU.Build.0 = Release|Any CPU
		{A96641C5-9D1D-4A05-864B-11E79557A941}.Debug|Any CPU.ActiveCfg = Debug|Any CPU
		{A96641C5-9D1D-4A05-864B-11E79557A941}.Debug|Any CPU.Build.0 = Debug|Any CPU
		{A96641C5-9D1D-4A05-864B-11E79557A941}.Release|Any CPU.ActiveCfg = Release|Any CPU
		{A96641C5-9D1D-4A05-864B-11E79557A941}.Release|Any CPU.Build.0 = Release|Any CPU
		{ABB78B70-1C84-4A31-ACA9-3E2BDC73FA4E}.Debug|Any CPU.ActiveCfg = Debug|Any CPU
		{ABB78B70-1C84-4A31-ACA9-3E2BDC73FA4E}.Debug|Any CPU.Build.0 = Debug|Any CPU
		{ABB78B70-1C84-4A31-ACA9-3E2BDC73FA4E}.Release|Any CPU.ActiveCfg = Release|Any CPU
		{ABB78B70-1C84-4A31-ACA9-3E2BDC73FA4E}.Release|Any CPU.Build.0 = Release|Any CPU
		{C272F112-33E9-49DE-905A-9C3B12E68F5C}.Debug|Any CPU.ActiveCfg = Debug|Any CPU
		{C272F112-33E9-49DE-905A-9C3B12E68F5C}.Debug|Any CPU.Build.0 = Debug|Any CPU
		{C272F112-33E9-49DE-905A-9C3B12E68F5C}.Release|Any CPU.ActiveCfg = Release|Any CPU
		{C272F112-33E9-49DE-905A-9C3B12E68F5C}.Release|Any CPU.Build.0 = Release|Any CPU
		{1156784B-4535-4597-8A45-F264363F7235}.Debug|Any CPU.ActiveCfg = Debug|Any CPU
		{1156784B-4535-4597-8A45-F264363F7235}.Debug|Any CPU.Build.0 = Debug|Any CPU
		{1156784B-4535-4597-8A45-F264363F7235}.Release|Any CPU.ActiveCfg = Release|Any CPU
		{1156784B-4535-4597-8A45-F264363F7235}.Release|Any CPU.Build.0 = Release|Any CPU
		{2B515749-4043-4855-91DD-C7F39EFC9F25}.Debug|Any CPU.ActiveCfg = Debug|Any CPU
		{2B515749-4043-4855-91DD-C7F39EFC9F25}.Debug|Any CPU.Build.0 = Debug|Any CPU
		{2B515749-4043-4855-91DD-C7F39EFC9F25}.Release|Any CPU.ActiveCfg = Release|Any CPU
		{2B515749-4043-4855-91DD-C7F39EFC9F25}.Release|Any CPU.Build.0 = Release|Any CPU
		{B203AC4E-75F4-499E-B68A-A3CF64E8C2F0}.Debug|Any CPU.ActiveCfg = Debug|Any CPU
		{B203AC4E-75F4-499E-B68A-A3CF64E8C2F0}.Debug|Any CPU.Build.0 = Debug|Any CPU
		{B203AC4E-75F4-499E-B68A-A3CF64E8C2F0}.Release|Any CPU.ActiveCfg = Release|Any CPU
		{B203AC4E-75F4-499E-B68A-A3CF64E8C2F0}.Release|Any CPU.Build.0 = Release|Any CPU
	EndGlobalSection
	GlobalSection(SolutionProperties) = preSolution
		HideSolutionNode = FALSE
	EndGlobalSection
	GlobalSection(NestedProjects) = preSolution
		{C06EF329-CD52-4B3D-8D4F-1858A3A11457} = {340CD1A0-6C78-47D2-9E63-28F508E7B9E2}
		{B49CB988-0AF4-4AA7-9C1D-9C8E9CCEBFE0} = {A963962F-E899-4E82-961E-1E5B21985E83}
		{15DCCE07-EE3F-4BC7-BA36-DFD0DA5D67C5} = {0D3E3C72-4125-45D0-AA61-647A2417A020}
		{D6F52303-E68A-47F6-8F2C-6514EB61AA8C} = {0D3E3C72-4125-45D0-AA61-647A2417A020}
		{90E3368A-637B-4C32-81D3-F422ED0C8DAB} = {0D3E3C72-4125-45D0-AA61-647A2417A020}
		{C6ED3912-F775-4A84-A064-2D025C742A17} = {0D3E3C72-4125-45D0-AA61-647A2417A020}
		{9A205461-4C1C-486B-95A2-C63CAA745501} = {0D3E3C72-4125-45D0-AA61-647A2417A020}
		{EB8052C2-ADE4-4088-9790-49A9392145B3} = {0D3E3C72-4125-45D0-AA61-647A2417A020}
		{B2050C1B-380B-4EB2-B24C-6858C789B4F3} = {0D3E3C72-4125-45D0-AA61-647A2417A020}
		{A2EB333F-29B2-4F18-9B4B-6E6C9DD3FDA5} = {15DCCE07-EE3F-4BC7-BA36-DFD0DA5D67C5}
		{44E71751-C9CC-493C-B8DF-A29F762B0A2B} = {A2EB333F-29B2-4F18-9B4B-6E6C9DD3FDA5}
		{D5807952-3454-4870-A87C-BA25B3D1BF23} = {A2EB333F-29B2-4F18-9B4B-6E6C9DD3FDA5}
		{2DDB53C0-5E3D-4024-9BA8-143986B2FEFB} = {A2EB333F-29B2-4F18-9B4B-6E6C9DD3FDA5}
		{FFCA1A1A-D4CD-494E-B4D1-8961E7AD02EA} = {A2EB333F-29B2-4F18-9B4B-6E6C9DD3FDA5}
		{9FB8FD5D-F1EA-4174-9584-9ECCB5263B2B} = {B49CB988-0AF4-4AA7-9C1D-9C8E9CCEBFE0}
		{35C238D0-A3E5-414E-8A20-0890AF7145CC} = {A2EB333F-29B2-4F18-9B4B-6E6C9DD3FDA5}
		{F59DC2F1-50AB-42CF-ADA8-86FF3C86100A} = {B2050C1B-380B-4EB2-B24C-6858C789B4F3}
		{0394655A-000B-4582-857E-A098A1E0FCD8} = {F59DC2F1-50AB-42CF-ADA8-86FF3C86100A}
		{5F5D48CF-4EC2-4F31-A57E-8A5DCFFE264C} = {F59DC2F1-50AB-42CF-ADA8-86FF3C86100A}
		{281CF841-723B-4EA7-B8F9-A1715D5F1728} = {F59DC2F1-50AB-42CF-ADA8-86FF3C86100A}
		{B8D8D93D-4937-40B9-9E4A-7F5607619706} = {F59DC2F1-50AB-42CF-ADA8-86FF3C86100A}
		{7E5FB39A-8C71-4DE4-AC4C-5966C9DD599A} = {F59DC2F1-50AB-42CF-ADA8-86FF3C86100A}
		{C275965A-2605-4B4C-9DD5-50931E708A6C} = {7E5FB39A-8C71-4DE4-AC4C-5966C9DD599A}
		{F88A46AF-CCBA-47DA-875F-AFC2705BEDD8} = {281CF841-723B-4EA7-B8F9-A1715D5F1728}
		{0DC037F5-ADF2-4207-8CDE-D22D842693C7} = {5F5D48CF-4EC2-4F31-A57E-8A5DCFFE264C}
		{4857852E-0096-4FE2-92B7-832F4250A0F9} = {0394655A-000B-4582-857E-A098A1E0FCD8}
		{88710E13-1E48-4C00-95E4-B16362161533} = {0394655A-000B-4582-857E-A098A1E0FCD8}
		{83E78A18-3184-4BC1-8157-B94A7D1B16A8} = {0394655A-000B-4582-857E-A098A1E0FCD8}
		{972E5E08-8BF5-461A-B551-CC62AE1E16E5} = {B8D8D93D-4937-40B9-9E4A-7F5607619706}
		{8E1C0CEE-9757-4235-BEDA-694F97C13B12} = {D6F52303-E68A-47F6-8F2C-6514EB61AA8C}
		{8D1A56EB-F1DE-4346-98FF-FE216DF10970} = {8E1C0CEE-9757-4235-BEDA-694F97C13B12}
		{1DA3900C-2904-43B7-8D66-587A578E81DB} = {8E1C0CEE-9757-4235-BEDA-694F97C13B12}
		{327CA537-2C00-4852-BE07-C2BC3FBD7422} = {8E1C0CEE-9757-4235-BEDA-694F97C13B12}
		{1B12E229-4E4B-4A56-971C-1E58D4B8757C} = {8E1C0CEE-9757-4235-BEDA-694F97C13B12}
		{FC81EA63-B82C-494B-852C-50F7BE602769} = {8E1C0CEE-9757-4235-BEDA-694F97C13B12}
		{AA6801F9-9442-48C6-8DAB-EA28543D22FE} = {FC81EA63-B82C-494B-852C-50F7BE602769}
		{16E17CFC-BE37-42D3-AF5A-D343EDFEEEF4} = {1DA3900C-2904-43B7-8D66-587A578E81DB}
		{4AD71315-9EBD-41CA-9477-B6510584FF20} = {8D1A56EB-F1DE-4346-98FF-FE216DF10970}
		{7D300B41-6057-4347-983E-9568F647AF54} = {8D1A56EB-F1DE-4346-98FF-FE216DF10970}
		{FE463B2D-02F0-41AA-8E98-F0B4AD97FE07} = {327CA537-2C00-4852-BE07-C2BC3FBD7422}
		{316DE969-DE11-47C2-BDAD-C4168E1E66AE} = {8D1A56EB-F1DE-4346-98FF-FE216DF10970}
		{F1AF318D-587E-469D-8293-EA0004DEC3A5} = {1B12E229-4E4B-4A56-971C-1E58D4B8757C}
		{4F98EA2F-E0A4-4FA9-B0A3-19921D736661} = {B49CB988-0AF4-4AA7-9C1D-9C8E9CCEBFE0}
		{5A6C1D38-FAEA-40E5-B199-4FD229E9F344} = {9A205461-4C1C-486B-95A2-C63CAA745501}
		{86DA13B0-414E-49F4-8589-313CD4646742} = {5A6C1D38-FAEA-40E5-B199-4FD229E9F344}
		{9E30D828-7B01-4B69-B849-A4AEC1184D1B} = {5A6C1D38-FAEA-40E5-B199-4FD229E9F344}
		{6A0C5DE1-F60B-4B7B-AA26-DB5A64E26143} = {C6ED3912-F775-4A84-A064-2D025C742A17}
		{A4CA4970-5419-40A8-A512-C0CCA8F727BD} = {90E3368A-637B-4C32-81D3-F422ED0C8DAB}
		{F394705B-EB48-439F-A80F-5E8467D96B0B} = {A4CA4970-5419-40A8-A512-C0CCA8F727BD}
		{810519BA-63D9-4094-8774-30B7237D2007} = {A4CA4970-5419-40A8-A512-C0CCA8F727BD}
		{BDE42FE8-1096-4FEC-B122-A2F9F9C81E29} = {A4CA4970-5419-40A8-A512-C0CCA8F727BD}
		{BEAEB73B-A7AE-4FD6-B1F8-A858EED13CA2} = {A4CA4970-5419-40A8-A512-C0CCA8F727BD}
		{A96641C5-9D1D-4A05-864B-11E79557A941} = {A4CA4970-5419-40A8-A512-C0CCA8F727BD}
		{C8F80AF3-DAB2-4F33-9DC4-7AEBC91084EB} = {EB8052C2-ADE4-4088-9790-49A9392145B3}
		{ABB78B70-1C84-4A31-ACA9-3E2BDC73FA4E} = {C8F80AF3-DAB2-4F33-9DC4-7AEBC91084EB}
		{C272F112-33E9-49DE-905A-9C3B12E68F5C} = {C8F80AF3-DAB2-4F33-9DC4-7AEBC91084EB}
		{1156784B-4535-4597-8A45-F264363F7235} = {C8F80AF3-DAB2-4F33-9DC4-7AEBC91084EB}
		{2B515749-4043-4855-91DD-C7F39EFC9F25} = {C8F80AF3-DAB2-4F33-9DC4-7AEBC91084EB}
		{B203AC4E-75F4-499E-B68A-A3CF64E8C2F0} = {C06EF329-CD52-4B3D-8D4F-1858A3A11457}
	EndGlobalSection
	GlobalSection(ExtensibilityGlobals) = postSolution
		SolutionGuid = {A1354648-58BA-4BE7-8D77-31C664556566}
	EndGlobalSection
EndGlobal
